// !$*UTF8*$!
{
	archiveVersion = 1;
	classes = {
	};
	objectVersion = 46;
	objects = {

/* Begin PBXBuildFile section */
		619DC6B31BA46B3D00C7FB57 /* main.m in Sources */ = {isa = PBXBuildFile; fileRef = 619DC6B21BA46B3D00C7FB57 /* main.m */; };
		619DC6B61BA46B3D00C7FB57 /* AppDelegate.m in Sources */ = {isa = PBXBuildFile; fileRef = 619DC6B51BA46B3D00C7FB57 /* AppDelegate.m */; };
		619DC6B91BA46B3D00C7FB57 /* ViewController.m in Sources */ = {isa = PBXBuildFile; fileRef = 619DC6B81BA46B3D00C7FB57 /* ViewController.m */; };
		619DC6BC1BA46B3D00C7FB57 /* Main.storyboard in Resources */ = {isa = PBXBuildFile; fileRef = 619DC6BA1BA46B3D00C7FB57 /* Main.storyboard */; };
		619DC6BE1BA46B3D00C7FB57 /* Images.xcassets in Resources */ = {isa = PBXBuildFile; fileRef = 619DC6BD1BA46B3D00C7FB57 /* Images.xcassets */; };
		619DC6C11BA46B3D00C7FB57 /* LaunchScreen.xib in Resources */ = {isa = PBXBuildFile; fileRef = 619DC6BF1BA46B3D00C7FB57 /* LaunchScreen.xib */; };
		619DC6CD1BA46B3D00C7FB57 /* AddmusicTests.m in Sources */ = {isa = PBXBuildFile; fileRef = 619DC6CC1BA46B3D00C7FB57 /* AddmusicTests.m */; };
		619DC6D71BA46B5200C7FB57 /* AVFoundation.framework in Frameworks */ = {isa = PBXBuildFile; fileRef = 619DC6D61BA46B5200C7FB57 /* AVFoundation.framework */; };
		619DC6D91BA46B6D00C7FB57 /* music.mp3 in Resources */ = {isa = PBXBuildFile; fileRef = 619DC6D81BA46B6D00C7FB57 /* music.mp3 */; };
/* End PBXBuildFile section */

/* Begin PBXContainerItemProxy section */
		619DC6C71BA46B3D00C7FB57 /* PBXContainerItemProxy */ = {
			isa = PBXContainerItemProxy;
			containerPortal = 619DC6A51BA46B3D00C7FB57 /* Project object */;
			proxyType = 1;
			remoteGlobalIDString = 619DC6AC1BA46B3D00C7FB57;
			remoteInfo = Addmusic;
		};
/* End PBXContainerItemProxy section */

/* Begin PBXFileReference section */
		619DC6AD1BA46B3D00C7FB57 /* Addmusic.app */ = {isa = PBXFileReference; explicitFileType = wrapper.application; includeInIndex = 0; path = Addmusic.app; sourceTree = BUILT_PRODUCTS_DIR; };
		619DC6B11BA46B3D00C7FB57 /* Info.plist */ = {isa = PBXFileReference; lastKnownFileType = text.plist.xml; path = Info.plist; sourceTree = "<group>"; };
		619DC6B21BA46B3D00C7FB57 /* main.m */ = {isa = PBXFileReference; lastKnownFileType = sourcecode.c.objc; path = main.m; sourceTree = "<group>"; };
		619DC6B41BA46B3D00C7FB57 /* AppDelegate.h */ = {isa = PBXFileReference; lastKnownFileType = sourcecode.c.h; path = AppDelegate.h; sourceTree = "<group>"; };
		619DC6B51BA46B3D00C7FB57 /* AppDelegate.m */ = {isa = PBXFileReference; lastKnownFileType = sourcecode.c.objc; path = AppDelegate.m; sourceTree = "<group>"; };
		619DC6B71BA46B3D00C7FB57 /* ViewController.h */ = {isa = PBXFileReference; lastKnownFileType = sourcecode.c.h; path = ViewController.h; sourceTree = "<group>"; };
		619DC6B81BA46B3D00C7FB57 /* ViewController.m */ = {isa = PBXFileReference; lastKnownFileType = sourcecode.c.objc; path = ViewController.m; sourceTree = "<group>"; };
		619DC6BB1BA46B3D00C7FB57 /* Base */ = {isa = PBXFileReference; lastKnownFileType = file.storyboard; name = Base; path = Base.lproj/Main.storyboard; sourceTree = "<group>"; };
		619DC6BD1BA46B3D00C7FB57 /* Images.xcassets */ = {isa = PBXFileReference; lastKnownFileType = folder.assetcatalog; path = Images.xcassets; sourceTree = "<group>"; };
		619DC6C01BA46B3D00C7FB57 /* Base */ = {isa = PBXFileReference; lastKnownFileType = file.xib; name = Base; path = Base.lproj/LaunchScreen.xib; sourceTree = "<group>"; };
		619DC6C61BA46B3D00C7FB57 /* AddmusicTests.xctest */ = {isa = PBXFileReference; explicitFileType = wrapper.cfbundle; includeInIndex = 0; path = AddmusicTests.xctest; sourceTree = BUILT_PRODUCTS_DIR; };
		619DC6CB1BA46B3D00C7FB57 /* Info.plist */ = {isa = PBXFileReference; lastKnownFileType = text.plist.xml; path = Info.plist; sourceTree = "<group>"; };
		619DC6CC1BA46B3D00C7FB57 /* AddmusicTests.m */ = {isa = PBXFileReference; lastKnownFileType = sourcecode.c.objc; path = AddmusicTests.m; sourceTree = "<group>"; };
		619DC6D61BA46B5200C7FB57 /* AVFoundation.framework */ = {isa = PBXFileReference; lastKnownFileType = wrapper.framework; name = AVFoundation.framework; path = System/Library/Frameworks/AVFoundation.framework; sourceTree = SDKROOT; };
		619DC6D81BA46B6D00C7FB57 /* music.mp3 */ = {isa = PBXFileReference; lastKnownFileType = audio.mp3; path = music.mp3; sourceTree = "<group>"; };
/* End PBXFileReference section */

/* Begin PBXFrameworksBuildPhase section */
		619DC6AA1BA46B3D00C7FB57 /* Frameworks */ = {
			isa = PBXFrameworksBuildPhase;
			buildActionMask = 2147483647;
			files = (
				619DC6D71BA46B5200C7FB57 /* AVFoundation.framework in Frameworks */,
			);
			runOnlyForDeploymentPostprocessing = 0;
		};
		619DC6C31BA46B3D00C7FB57 /* Frameworks */ = {
			isa = PBXFrameworksBuildPhase;
			buildActionMask = 2147483647;
			files = (
			);
			runOnlyForDeploymentPostprocessing = 0;
		};
/* End PBXFrameworksBuildPhase section */

/* Begin PBXGroup section */
		619DC6A41BA46B3D00C7FB57 = {
			isa = PBXGroup;
			children = (
				619DC6D61BA46B5200C7FB57 /* AVFoundation.framework */,
				619DC6AF1BA46B3D00C7FB57 /* Addmusic */,
				619DC6C91BA46B3D00C7FB57 /* AddmusicTests */,
				619DC6AE1BA46B3D00C7FB57 /* Products */,
			);
			sourceTree = "<group>";
		};
		619DC6AE1BA46B3D00C7FB57 /* Products */ = {
			isa = PBXGroup;
			children = (
				619DC6AD1BA46B3D00C7FB57 /* Addmusic.app */,
				619DC6C61BA46B3D00C7FB57 /* AddmusicTests.xctest */,
			);
			name = Products;
			sourceTree = "<group>";
		};
		619DC6AF1BA46B3D00C7FB57 /* Addmusic */ = {
			isa = PBXGroup;
			children = (
				619DC6D81BA46B6D00C7FB57 /* music.mp3 */,
				619DC6B41BA46B3D00C7FB57 /* AppDelegate.h */,
				619DC6B51BA46B3D00C7FB57 /* AppDelegate.m */,
				619DC6B71BA46B3D00C7FB57 /* ViewController.h */,
				619DC6B81BA46B3D00C7FB57 /* ViewController.m */,
				619DC6BA1BA46B3D00C7FB57 /* Main.storyboard */,
				619DC6BD1BA46B3D00C7FB57 /* Images.xcassets */,
				619DC6BF1BA46B3D00C7FB57 /* LaunchScreen.xib */,
				619DC6B01BA46B3D00C7FB57 /* Supporting Files */,
			);
			path = Addmusic;
			sourceTree = "<group>";
		};
		619DC6B01BA46B3D00C7FB57 /* Supporting Files */ = {
			isa = PBXGroup;
			children = (
				619DC6B11BA46B3D00C7FB57 /* Info.plist */,
				619DC6B21BA46B3D00C7FB57 /* main.m */,
			);
			name = "Supporting Files";
			sourceTree = "<group>";
		};
		619DC6C91BA46B3D00C7FB57 /* AddmusicTests */ = {
			isa = PBXGroup;
			children = (
				619DC6CC1BA46B3D00C7FB57 /* AddmusicTests.m */,
				619DC6CA1BA46B3D00C7FB57 /* Supporting Files */,
			);
			path = AddmusicTests;
			sourceTree = "<group>";
		};
		619DC6CA1BA46B3D00C7FB57 /* Supporting Files */ = {
			isa = PBXGroup;
			children = (
				619DC6CB1BA46B3D00C7FB57 /* Info.plist */,
			);
			name = "Supporting Files";
			sourceTree = "<group>";
		};
/* End PBXGroup section */

/* Begin PBXNativeTarget section */
		619DC6AC1BA46B3D00C7FB57 /* Addmusic */ = {
			isa = PBXNativeTarget;
			buildConfigurationList = 619DC6D01BA46B3D00C7FB57 /* Build configuration list for PBXNativeTarget "Addmusic" */;
			buildPhases = (
				619DC6A91BA46B3D00C7FB57 /* Sources */,
				619DC6AA1BA46B3D00C7FB57 /* Frameworks */,
				619DC6AB1BA46B3D00C7FB57 /* Resources */,
			);
			buildRules = (
			);
			dependencies = (
			);
			name = Addmusic;
			productName = Addmusic;
			productReference = 619DC6AD1BA46B3D00C7FB57 /* Addmusic.app */;
			productType = "com.apple.product-type.application";
		};
		619DC6C51BA46B3D00C7FB57 /* AddmusicTests */ = {
			isa = PBXNativeTarget;
			buildConfigurationList = 619DC6D31BA46B3D00C7FB57 /* Build configuration list for PBXNativeTarget "AddmusicTests" */;
			buildPhases = (
				619DC6C21BA46B3D00C7FB57 /* Sources */,
				619DC6C31BA46B3D00C7FB57 /* Frameworks */,
				619DC6C41BA46B3D00C7FB57 /* Resources */,
			);
			buildRules = (
			);
			dependencies = (
				619DC6C81BA46B3D00C7FB57 /* PBXTargetDependency */,
			);
			name = AddmusicTests;
			productName = AddmusicTests;
			productReference = 619DC6C61BA46B3D00C7FB57 /* AddmusicTests.xctest */;
			productType = "com.apple.product-type.bundle.unit-test";
		};
/* End PBXNativeTarget section */

/* Begin PBXProject section */
		619DC6A51BA46B3D00C7FB57 /* Project object */ = {
			isa = PBXProject;
			attributes = {
				LastUpgradeCheck = 0640;
				ORGANIZATIONNAME = lidianchao;
				TargetAttributes = {
					619DC6AC1BA46B3D00C7FB57 = {
						CreatedOnToolsVersion = 6.4;
					};
					619DC6C51BA46B3D00C7FB57 = {
						CreatedOnToolsVersion = 6.4;
						TestTargetID = 619DC6AC1BA46B3D00C7FB57;
					};
				};
			};
			buildConfigurationList = 619DC6A81BA46B3D00C7FB57 /* Build configuration list for PBXProject "Addmusic" */;
			compatibilityVersion = "Xcode 3.2";
			developmentRegion = English;
			hasScannedForEncodings = 0;
			knownRegions = (
				en,
				Base,
			);
			mainGroup = 619DC6A41BA46B3D00C7FB57;
			productRefGroup = 619DC6AE1BA46B3D00C7FB57 /* Products */;
			projectDirPath = "";
			projectRoot = "";
			targets = (
				619DC6AC1BA46B3D00C7FB57 /* Addmusic */,
				619DC6C51BA46B3D00C7FB57 /* AddmusicTests */,
			);
		};
/* End PBXProject section */

/* Begin PBXResourcesBuildPhase section */
		619DC6AB1BA46B3D00C7FB57 /* Resources */ = {
			isa = PBXResourcesBuildPhase;
			buildActionMask = 2147483647;
			files = (
				619DC6D91BA46B6D00C7FB57 /* music.mp3 in Resources */,
				619DC6BC1BA46B3D00C7FB57 /* Main.storyboard in Resources */,
				619DC6C11BA46B3D00C7FB57 /* LaunchScreen.xib in Resources */,
				619DC6BE1BA46B3D00C7FB57 /* Images.xcassets in Resources */,
			);
			runOnlyForDeploymentPostprocessing = 0;
		};
		619DC6C41BA46B3D00C7FB57 /* Resources */ = {
			isa = PBXResourcesBuildPhase;
			buildActionMask = 2147483647;
			files = (
			);
			runOnlyForDeploymentPostprocessing = 0;
		};
/* End PBXResourcesBuildPhase section */

/* Begin PBXSourcesBuildPhase section */
		619DC6A91BA46B3D00C7FB57 /* Sources */ = {
			isa = PBXSourcesBuildPhase;
			buildActionMask = 2147483647;
			files = (
				619DC6B91BA46B3D00C7FB57 /* ViewController.m in Sources */,
				619DC6B61BA46B3D00C7FB57 /* AppDelegate.m in Sources */,
				619DC6B31BA46B3D00C7FB57 /* main.m in Sources */,
			);
			runOnlyForDeploymentPostprocessing = 0;
		};
		619DC6C21BA46B3D00C7FB57 /* Sources */ = {
			isa = PBXSourcesBuildPhase;
			buildActionMask = 2147483647;
			files = (
				619DC6CD1BA46B3D00C7FB57 /* AddmusicTests.m in Sources */,
			);
			runOnlyForDeploymentPostprocessing = 0;
		};
/* End PBXSourcesBuildPhase section */

/* Begin PBXTargetDependency section */
		619DC6C81BA46B3D00C7FB57 /* PBXTargetDependency */ = {
			isa = PBXTargetDependency;
			target = 619DC6AC1BA46B3D00C7FB57 /* Addmusic */;
			targetProxy = 619DC6C71BA46B3D00C7FB57 /* PBXContainerItemProxy */;
		};
/* End PBXTargetDependency section */

/* Begin PBXVariantGroup section */
		619DC6BA1BA46B3D00C7FB57 /* Main.storyboard */ = {
			isa = PBXVariantGroup;
			children = (
				619DC6BB1BA46B3D00C7FB57 /* Base */,
			);
			name = Main.storyboard;
			sourceTree = "<group>";
		};
		619DC6BF1BA46B3D00C7FB57 /* LaunchScreen.xib */ = {
			isa = PBXVariantGroup;
			children = (
				619DC6C01BA46B3D00C7FB57 /* Base */,
			);
			name = LaunchScreen.xib;
			sourceTree = "<group>";
		};
/* End PBXVariantGroup section */

/* Begin XCBuildConfiguration section */
		619DC6CE1BA46B3D00C7FB57 /* Debug */ = {
			isa = XCBuildConfiguration;
			buildSettings = {
				ALWAYS_SEARCH_USER_PATHS = NO;
				CLANG_CXX_LANGUAGE_STANDARD = "gnu++0x";
				CLANG_CXX_LIBRARY = "libc++";
				CLANG_ENABLE_MODULES = YES;
				CLANG_ENABLE_OBJC_ARC = YES;
				CLANG_WARN_BOOL_CONVERSION = YES;
				CLANG_WARN_CONSTANT_CONVERSION = YES;
				CLANG_WARN_DIRECT_OBJC_ISA_USAGE = YES_ERROR;
				CLANG_WARN_EMPTY_BODY = YES;
				CLANG_WARN_ENUM_CONVERSION = YES;
				CLANG_WARN_INT_CONVERSION = YES;
				CLANG_WARN_OBJC_ROOT_CLASS = YES_ERROR;
				CLANG_WARN_UNREACHABLE_CODE = YES;
				CLANG_WARN__DUPLICATE_METHOD_MATCH = YES;
				"CODE_SIGN_IDENTITY[sdk=iphoneos*]" = "iPhone Developer";
				COPY_PHASE_STRIP = NO;
				DEBUG_INFORMATION_FORMAT = "dwarf-with-dsym";
				ENABLE_STRICT_OBJC_MSGSEND = YES;
				GCC_C_LANGUAGE_STANDARD = gnu99;
				GCC_DYNAMIC_NO_PIC = NO;
				GCC_NO_COMMON_BLOCKS = YES;
				GCC_OPTIMIZATION_LEVEL = 0;
				GCC_PREPROCESSOR_DEFINITIONS = (
					"DEBUG=1",
					"$(inherited)",
				);
				GCC_SYMBOLS_PRIVATE_EXTERN = NO;
				GCC_WARN_64_TO_32_BIT_CONVERSION = YES;
				GCC_WARN_ABOUT_RETURN_TYPE = YES_ERROR;
				GCC_WARN_UNDECLARED_SELECTOR = YES;
				GCC_WARN_UNINITIALIZED_AUTOS = YES_AGGRESSIVE;
				GCC_WARN_UNUSED_FUNCTION = YES;
				GCC_WARN_UNUSED_VARIABLE = YES;
				IPHONEOS_DEPLOYMENT_TARGET = 8.4;
				MTL_ENABLE_DEBUG_INFO = YES;
				ONLY_ACTIVE_ARCH = YES;
				SDKROOT = iphoneos;
				TARGETED_DEVICE_FAMILY = "1,2";
			};
			name = Debug;
		};
		619DC6CF1BA46B3D00C7FB57 /* Release */ = {
			isa = XCBuildConfiguration;
			buildSettings = {
				ALWAYS_SEARCH_USER_PATHS = NO;
				CLANG_CXX_LANGUAGE_STANDARD = "gnu++0x";
				CLANG_CXX_LIBRARY = "libc++";
				CLANG_ENABLE_MODULES = YES;
				CLANG_ENABLE_OBJC_ARC = YES;
				CLANG_WARN_BOOL_CONVERSION = YES;
				CLANG_WARN_CONSTANT_CONVERSION = YES;
				CLANG_WARN_DIRECT_OBJC_ISA_USAGE = YES_ERROR;
				CLANG_WARN_EMPTY_BODY = YES;
				CLANG_WARN_ENUM_CONVERSION = YES;
				CLANG_WARN_INT_CONVERSION = YES;
				CLANG_WARN_OBJC_ROOT_CLASS = YES_ERROR;
				CLANG_WARN_UNREACHABLE_CODE = YES;
				CLANG_WARN__DUPLICATE_METHOD_MATCH = YES;
				"CODE_SIGN_IDENTITY[sdk=iphoneos*]" = "iPhone Developer";
				COPY_PHASE_STRIP = NO;
				DEBUG_INFORMATION_FORMAT = "dwarf-with-dsym";
				ENABLE_NS_ASSERTIONS = NO;
				ENABLE_STRICT_OBJC_MSGSEND = YES;
				GCC_C_LANGUAGE_STANDARD = gnu99;
				GCC_NO_COMMON_BLOCKS = YES;
				GCC_WARN_64_TO_32_BIT_CONVERSION = YES;
				GCC_WARN_ABOUT_RETURN_TYPE = YES_ERROR;
				GCC_WARN_UNDECLARED_SELECTOR = YES;
				GCC_WARN_UNINITIALIZED_AUTOS = YES_AGGRESSIVE;
				GCC_WARN_UNUSED_FUNCTION = YES;
				GCC_WARN_UNUSED_VARIABLE = YES;
				IPHONEOS_DEPLOYMENT_TARGET = 8.4;
				MTL_ENABLE_DEBUG_INFO = NO;
				SDKROOT = iphoneos;
				TARGETED_DEVICE_FAMILY = "1,2";
				VALIDATE_PRODUCT = YES;
			};
			name = Release;
		};
		619DC6D11BA46B3D00C7FB57 /* Debug */ = {
			isa = XCBuildConfiguration;
			buildSettings = {
				ASSETCATALOG_COMPILER_APPICON_NAME = AppIcon;
				INFOPLIST_FILE = Addmusic/Info.plist;
				LD_RUNPATH_SEARCH_PATHS = "$(inherited) @executable_path/Frameworks";
				PRODUCT_NAME = "$(TARGET_NAME)";
			};
			name = Debug;
		};
		619DC6D21BA46B3D00C7FB57 /* Release */ = {
			isa = XCBuildConfiguration;
			buildSettings = {
				ASSETCATALOG_COMPILER_APPICON_NAME = AppIcon;
				INFOPLIST_FILE = Addmusic/Info.plist;
				LD_RUNPATH_SEARCH_PATHS = "$(inherited) @executable_path/Frameworks";
				PRODUCT_NAME = "$(TARGET_NAME)";
			};
			name = Release;
		};
		619DC6D41BA46B3D00C7FB57 /* Debug */ = {
			isa = XCBuildConfiguration;
			buildSettings = {
				BUNDLE_LOADER = "$(TEST_HOST)";
				FRAMEWORK_SEARCH_PATHS = (
					"$(SDKROOT)/Developer/Library/Frameworks",
					"$(inherited)",
				);
				GCC_PREPROCESSOR_DEFINITIONS = (
					"DEBUG=1",
					"$(inherited)",
				);
				INFOPLIST_FILE = AddmusicTests/Info.plist;
				LD_RUNPATH_SEARCH_PATHS = "$(inherited) @executable_path/Frameworks @loader_path/Frameworks";
				PRODUCT_NAME = "$(TARGET_NAME)";
				TEST_HOST = "$(BUILT_PRODUCTS_DIR)/Addmusic.app/Addmusic";
			};
			name = Debug;
		};
		619DC6D51BA46B3D00C7FB57 /* Release */ = {
			isa = XCBuildConfiguration;
			buildSettings = {
				BUNDLE_LOADER = "$(TEST_HOST)";
				FRAMEWORK_SEARCH_PATHS = (
					"$(SDKROOT)/Developer/Library/Frameworks",
					"$(inherited)",
				);
				INFOPLIST_FILE = AddmusicTests/Info.plist;
				LD_RUNPATH_SEARCH_PATHS = "$(inherited) @executable_path/Frameworks @loader_path/Frameworks";
				PRODUCT_NAME = "$(TARGET_NAME)";
				TEST_HOST = "$(BUILT_PRODUCTS_DIR)/Addmusic.app/Addmusic";
			};
			name = Release;
		};
/* End XCBuildConfiguration section */

/* Begin XCConfigurationList section */
		619DC6A81BA46B3D00C7FB57 /* Build configuration list for PBXProject "Addmusic" */ = {
			isa = XCConfigurationList;
			buildConfigurations = (
				619DC6CE1BA46B3D00C7FB57 /* Debug */,
				619DC6CF1BA46B3D00C7FB57 /* Release */,
			);
			defaultConfigurationIsVisible = 0;
			defaultConfigurationName = Release;
		};
		619DC6D01BA46B3D00C7FB57 /* Build configuration list for PBXNativeTarget "Addmusic" */ = {
			isa = XCConfigurationList;
			buildConfigurations = (
				619DC6D11BA46B3D00C7FB57 /* Debug */,
				619DC6D21BA46B3D00C7FB57 /* Release */,
			);
			defaultConfigurationIsVisible = 0;
		};
		619DC6D31BA46B3D00C7FB57 /* Build configuration list for PBXNativeTarget "AddmusicTests" */ = {
			isa = XCConfigurationList;
			buildConfigurations = (
				619DC6D41BA46B3D00C7FB57 /* Debug */,
				619DC6D51BA46B3D00C7FB57 /* Release */,
			);
			defaultConfigurationIsVisible = 0;
		};
/* End XCConfigurationList section */
	};
	rootObject = 619DC6A51BA46B3D00C7FB57 /* Project object */;
}
